
Microsoft Visual Studio Solution File, Format Version 12.00
# Visual Studio Version 17
VisualStudioVersion = 17.10.34916.146
MinimumVisualStudioVersion = 10.0.40219.1
Project("{9A19103F-16F7-4668-BE54-9A1E7A4F7556}") = "GestaoDeProdutos", "GestaoDeProdutos.csproj", "{20953279-5D23-4E1E-89F6-F32A48A94B18}"
EndProject
Project("{9A19103F-16F7-4668-BE54-9A1E7A4F7556}") = "Aplication", "..\..\..\..\source\repos\Aplication\Aplication.csproj", "{3BAF2EFB-FF55-49BF-A69C-34A1A1884C3F}"
EndProject
Project("{9A19103F-16F7-4668-BE54-9A1E7A4F7556}") = "Domain", "..\..\..\..\source\repos\Domain\Domain.csproj", "{551850EC-F975-4167-AE5D-970D65DF0287}"
EndProject
Project("{9A19103F-16F7-4668-BE54-9A1E7A4F7556}") = "Infra", "..\..\..\..\source\repos\Infra\Infra.csproj", "{0CB354FC-841F-4438-8F43-402CF2782441}"
EndProject
Project("{FAE04EC0-301F-11D3-BF4B-00C04F79EFBC}") = "Testes", "..\Testes\Testes.csproj", "{5BB55353-B1D1-4541-86E5-F3FF63A90CFE}"
EndProject
Global
	GlobalSection(SolutionConfigurationPlatforms) = preSolution
		Debug|Any CPU = Debug|Any CPU
		Release|Any CPU = Release|Any CPU
	EndGlobalSection
	GlobalSection(ProjectConfigurationPlatforms) = postSolution
		{20953279-5D23-4E1E-89F6-F32A48A94B18}.Debug|Any CPU.ActiveCfg = Debug|Any CPU
		{20953279-5D23-4E1E-89F6-F32A48A94B18}.Debug|Any CPU.Build.0 = Debug|Any CPU
		{20953279-5D23-4E1E-89F6-F32A48A94B18}.Release|Any CPU.ActiveCfg = Release|Any CPU
		{20953279-5D23-4E1E-89F6-F32A48A94B18}.Release|Any CPU.Build.0 = Release|Any CPU
		{3BAF2EFB-FF55-49BF-A69C-34A1A1884C3F}.Debug|Any CPU.ActiveCfg = Debug|Any CPU
		{3BAF2EFB-FF55-49BF-A69C-34A1A1884C3F}.Debug|Any CPU.Build.0 = Debug|Any CPU
		{3BAF2EFB-FF55-49BF-A69C-34A1A1884C3F}.Release|Any CPU.ActiveCfg = Release|Any CPU
		{3BAF2EFB-FF55-49BF-A69C-34A1A1884C3F}.Release|Any CPU.Build.0 = Release|Any CPU
		{551850EC-F975-4167-AE5D-970D65DF0287}.Debug|Any CPU.ActiveCfg = Debug|Any CPU
		{551850EC-F975-4167-AE5D-970D65DF0287}.Debug|Any CPU.Build.0 = Debug|Any CPU
		{551850EC-F975-4167-AE5D-970D65DF0287}.Release|Any CPU.ActiveCfg = Release|Any CPU
		{551850EC-F975-4167-AE5D-970D65DF0287}.Release|Any CPU.Build.0 = Release|Any CPU
		{0CB354FC-841F-4438-8F43-402CF2782441}.Debug|Any CPU.ActiveCfg = Debug|Any CPU
		{0CB354FC-841F-4438-8F43-402CF2782441}.Debug|Any CPU.Build.0 = Debug|Any CPU
		{0CB354FC-841F-4438-8F43-402CF2782441}.Release|Any CPU.ActiveCfg = Release|Any CPU
		{0CB354FC-841F-4438-8F43-402CF2782441}.Release|Any CPU.Build.0 = Release|Any CPU
		{5BB55353-B1D1-4541-86E5-F3FF63A90CFE}.Debug|Any CPU.ActiveCfg = Debug|Any CPU
		{5BB55353-B1D1-4541-86E5-F3FF63A90CFE}.Debug|Any CPU.Build.0 = Debug|Any CPU
		{5BB55353-B1D1-4541-86E5-F3FF63A90CFE}.Release|Any CPU.ActiveCfg = Release|Any CPU
		{5BB55353-B1D1-4541-86E5-F3FF63A90CFE}.Release|Any CPU.Build.0 = Release|Any CPU
	EndGlobalSection
	GlobalSection(SolutionProperties) = preSolution
		HideSolutionNode = FALSE
	EndGlobalSection
	GlobalSection(ExtensibilityGlobals) = postSolution
		SolutionGuid = {82A0FB47-9954-4BD7-90BA-051EF4B130B2}
	EndGlobalSection
EndGlobal
