
Microsoft Visual Studio Solution File, Format Version 12.00
# Visual Studio Version 17
VisualStudioVersion = 17.10.34916.146
MinimumVisualStudioVersion = 10.0.40219.1
Project("{9A19103F-16F7-4668-BE54-9A1E7A4F7556}") = "GestaoDeProdutos", "GestaoDeProdutos.csproj", "{20953279-5D23-4E1E-89F6-F32A48A94B18}"
EndProject
Project("{9A19103F-16F7-4668-BE54-9A1E7A4F7556}") = "Testes", "..\Testes\Testes.csproj", "{5BB55353-B1D1-4541-86E5-F3FF63A90CFE}"
EndProject
Project("{9A19103F-16F7-4668-BE54-9A1E7A4F7556}") = "Aplication", "..\Aplication\Aplication.csproj", "{BDE53F43-08D6-4975-85A6-21D0BE69DBC8}"
EndProject
Project("{9A19103F-16F7-4668-BE54-9A1E7A4F7556}") = "Domain", "..\Domain\Domain.csproj", "{06EB6CAE-698F-4FEF-AD0E-498E914B382B}"
EndProject
Project("{9A19103F-16F7-4668-BE54-9A1E7A4F7556}") = "Infra", "..\Infra\Infra.csproj", "{7E808ADC-D833-4DB4-8521-A9691D28E1F9}"
EndProject
Global
	GlobalSection(SolutionConfigurationPlatforms) = preSolution
		Debug|Any CPU = Debug|Any CPU
		Release|Any CPU = Release|Any CPU
	EndGlobalSection
	GlobalSection(ProjectConfigurationPlatforms) = postSolution
		{20953279-5D23-4E1E-89F6-F32A48A94B18}.Debug|Any CPU.ActiveCfg = Debug|Any CPU
		{20953279-5D23-4E1E-89F6-F32A48A94B18}.Debug|Any CPU.Build.0 = Debug|Any CPU
		{20953279-5D23-4E1E-89F6-F32A48A94B18}.Release|Any CPU.ActiveCfg = Release|Any CPU
		{20953279-5D23-4E1E-89F6-F32A48A94B18}.Release|Any CPU.Build.0 = Release|Any CPU
		{5BB55353-B1D1-4541-86E5-F3FF63A90CFE}.Debug|Any CPU.ActiveCfg = Debug|Any CPU
		{5BB55353-B1D1-4541-86E5-F3FF63A90CFE}.Debug|Any CPU.Build.0 = Debug|Any CPU
		{5BB55353-B1D1-4541-86E5-F3FF63A90CFE}.Release|Any CPU.ActiveCfg = Release|Any CPU
		{5BB55353-B1D1-4541-86E5-F3FF63A90CFE}.Release|Any CPU.Build.0 = Release|Any CPU
		{BDE53F43-08D6-4975-85A6-21D0BE69DBC8}.Debug|Any CPU.ActiveCfg = Debug|Any CPU
		{BDE53F43-08D6-4975-85A6-21D0BE69DBC8}.Debug|Any CPU.Build.0 = Debug|Any CPU
		{BDE53F43-08D6-4975-85A6-21D0BE69DBC8}.Release|Any CPU.ActiveCfg = Release|Any CPU
		{BDE53F43-08D6-4975-85A6-21D0BE69DBC8}.Release|Any CPU.Build.0 = Release|Any CPU
		{06EB6CAE-698F-4FEF-AD0E-498E914B382B}.Debug|Any CPU.ActiveCfg = Debug|Any CPU
		{06EB6CAE-698F-4FEF-AD0E-498E914B382B}.Debug|Any CPU.Build.0 = Debug|Any CPU
		{06EB6CAE-698F-4FEF-AD0E-498E914B382B}.Release|Any CPU.ActiveCfg = Release|Any CPU
		{06EB6CAE-698F-4FEF-AD0E-498E914B382B}.Release|Any CPU.Build.0 = Release|Any CPU
		{7E808ADC-D833-4DB4-8521-A9691D28E1F9}.Debug|Any CPU.ActiveCfg = Debug|Any CPU
		{7E808ADC-D833-4DB4-8521-A9691D28E1F9}.Debug|Any CPU.Build.0 = Debug|Any CPU
		{7E808ADC-D833-4DB4-8521-A9691D28E1F9}.Release|Any CPU.ActiveCfg = Release|Any CPU
		{7E808ADC-D833-4DB4-8521-A9691D28E1F9}.Release|Any CPU.Build.0 = Release|Any CPU
	EndGlobalSection
	GlobalSection(SolutionProperties) = preSolution
		HideSolutionNode = FALSE
	EndGlobalSection
	GlobalSection(ExtensibilityGlobals) = postSolution
		SolutionGuid = {82A0FB47-9954-4BD7-90BA-051EF4B130B2}
	EndGlobalSection
EndGlobal
